# This file is automatically @generated by Cargo.
# It is not intended for manual editing.
version = 4

[[package]]
name = "adler2"
version = "2.0.1"
source = "registry+https://github.com/rust-lang/crates.io-index"
checksum = "320119579fcad9c21884f5c4861d16174d0e06250625266f50fe6898340abefa"

[[package]]
name = "autocfg"
version = "1.5.1"
source = "registry+https://github.com/rust-lang/crates.io-index"
checksum = "f2032f911046de80f0a198e0901378627c33f59ea0ac00e363d481118bd70a53"

[[package]]
name = "bstr"
version = "1.13.0"
source = "registry+https://github.com/rust-lang/crates.io-index"
checksum = "1f7dc094d718f2e1c1559ad110e27eeaae14a5465d3d56dd6dbd793079fbd530"
dependencies = [
 "memchr",
 "serde_core",
]

[[package]]
name = "byteorder"
version = "1.5.0"
source = "registry+https://github.com/rust-lang/crates.io-index"
checksum = "1fd0f2584146f6f2ef48085050886acf353beff7305ebd1ae69500e27c67f64b"

[[package]]
name = "bytes"
version = "1.12.1"
source = "registry+https://github.com/rust-lang/crates.io-index"
checksum = "fc652a48c352aef3ea3aed32080501cf3ef6ed5da78602a020c991775b0aff04"

[[package]]
name = "cfg-if"
version = "1.0.4"
source = "registry+https://github.com/rust-lang/crates.io-index"
checksum = "9330f8b2ff13f34540b44e946ef35111825727b38d33286ef986142615121801"

[[package]]
name = "crc32fast"
version = "1.5.0"
source = "registry+https://github.com/rust-lang/crates.io-index"
checksum = "9481c1c90cbf2ac953f07c8d4a58aa3945c425b7185c9154d67a65e4230da511"
dependencies = [
 "cfg-if",
]

[[package]]
name = "crossbeam-channel"
version = "0.5.16"
source = "registry+https://github.com/rust-lang/crates.io-index"
checksum = "d85363c37faeca707aef026efa9f3b34d077bce547e48f770770625c6013679e"
dependencies = [
 "crossbeam-utils",
]

[[package]]
name = "crossbeam-deque"
version = "0.8.7"
source = "registry+https://github.com/rust-lang/crates.io-index"
checksum = "5181e0de7b61eb03a81e347d6dd8797bae9da5146707b51077e2d71a54ec0ceb"
dependencies = [
 "crossbeam-epoch",
 "crossbeam-utils",
]

[[package]]
name = "crossbeam-epoch"
version = "0.9.20"
source = "registry+https://github.com/rust-lang/crates.io-index"
checksum = "2d6914041f254d6e9176c01941b21115dcfb7089e55135a35411081bd106ef3f"
dependencies = [
 "crossbeam-utils",
]

[[package]]
name = "crossbeam-utils"
version = "0.8.22"
source = "registry+https://github.com/rust-lang/crates.io-index"
checksum = "61803da095bee82a81bb1a452ecc25d3b2f1416d1897eb86430c6159ef717c17"

[[package]]
name = "either"
version = "1.17.0"
source = "registry+https://github.com/rust-lang/crates.io-index"
checksum = "9e5e8f6c15a24b9a3ee5efec809ccd006d3b30e8b3bb63c39af737c7f87daa1d"

[[package]]
name = "flate2"
version = "1.1.9"
source = "registry+https://github.com/rust-lang/crates.io-index"
checksum = "843fba2746e448b37e26a819579957415c8cef339bf08564fe8b7ddbd959573c"
dependencies = [
 "crc32fast",
 "miniz_oxide",
]

[[package]]
name = "heck"
version = "0.5.0"
source = "registry+https://github.com/rust-lang/crates.io-index"
checksum = "2304e00983f87ffb38b55b444b5e3b60a884b5d30c0fca7d82fe33449bbe55ea"

[[package]]
name = "indoc"
version = "2.0.7"
source = "registry+https://github.com/rust-lang/crates.io-index"
checksum = "79cf5c93f93228cf8efb3ba362535fb11199ac548a09ce117c9b1adc3030d706"
dependencies = [
 "rustversion",
]

[[package]]
name = "libc"
version = "0.2.186"
source = "registry+https://github.com/rust-lang/crates.io-index"
checksum = "68ab91017fe16c622486840e4c83c9a37afeff978bd239b5293d61ece587de66"

[[package]]
name = "mafft"
version = "0.1.2"
source = "registry+https://github.com/rust-lang/crates.io-index"
checksum = "1933406ecd145d4b61eaf5c6d4029b7212a0af879ad71a6dac0157d14ca722ed"
dependencies = [
 "mafft-core",
 "mafft-io",
 "mafft-types",
]

[[package]]
name = "mafft-align"
version = "0.1.2"
dependencies = [
 "mafft-fft",
 "mafft-scoring",
 "mafft-types",
 "num-complex",
 "rayon",
]

[[package]]
name = "mafft-core"
version = "0.1.2"
source = "registry+https://github.com/rust-lang/crates.io-index"
checksum = "d495dd7441385aeca74abf0fbf7bec2238832bdffbcaa66e48a04bad04ccc8ce"
dependencies = [
 "mafft-align",
 "mafft-fft",
 "mafft-io",
 "mafft-scoring",
 "mafft-tree",
 "mafft-types",
 "rayon",
]

[[package]]
name = "mafft-fft"
version = "0.1.2"
source = "registry+https://github.com/rust-lang/crates.io-index"
checksum = "df07f9cc2499408789629d0a319f9565e78a87ee3c51e00b82068d56e212663e"
dependencies = [
 "mafft-scoring",
 "mafft-types",
 "num-complex",
 "rustfft",
]

[[package]]
name = "mafft-io"
version = "0.1.2"
source = "registry+https://github.com/rust-lang/crates.io-index"
checksum = "54b88a8b412571698c0dc35bb0892cba9395c8703f84be091993329e197e7d71"
dependencies = [
 "mafft-types",
 "noodles-fasta",
 "thiserror",
]

[[package]]
name = "mafft-scoring"
version = "0.1.2"
source = "registry+https://github.com/rust-lang/crates.io-index"
checksum = "8926a1b2689511235242e87c716792d115cb896586f586840eb9d5027f1c5a90"
dependencies = [
 "mafft-types",
]

[[package]]
name = "mafft-tree"
version = "0.1.2"
source = "registry+https://github.com/rust-lang/crates.io-index"
checksum = "252bf39e77b5d8cdb809cda3d65239246b5e9052f0f2cc699327037a8f16aee2"
dependencies = [
 "mafft-scoring",
 "mafft-types",
]

[[package]]
name = "mafft-types"
version = "0.1.2"
source = "registry+https://github.com/rust-lang/crates.io-index"
checksum = "c45a9382c942f53ab3ec47f4c8526aaa86bf9fb864aa00cca34e645a4792e9f4"
dependencies = [
 "num-complex",
]

[[package]]
name = "memchr"
version = "2.8.3"
source = "registry+https://github.com/rust-lang/crates.io-index"
checksum = "cf8baf1c55e62ffcace7a9f06f4bd9cd3f0c4beb022d3b367256b91b87513d98"

[[package]]
name = "memoffset"
version = "0.9.1"
source = "registry+https://github.com/rust-lang/crates.io-index"
checksum = "488016bfae457b036d996092f6cb448677611ce4449e970ceaf42695203f218a"
dependencies = [
 "autocfg",
]

[[package]]
name = "miniz_oxide"
version = "0.8.9"
source = "registry+https://github.com/rust-lang/crates.io-index"
checksum = "1fa76a2c86f704bdb222d66965fb3d63269ce38518b83cb0575fca855ebb6316"
dependencies = [
 "adler2",
 "simd-adler32",
]

[[package]]
name = "noodles-bgzf"
version = "0.34.0"
source = "registry+https://github.com/rust-lang/crates.io-index"
checksum = "3e624384981e5847bfd6a026f157c45d687187c30ee21b8c435310267c7aa7ab"
dependencies = [
 "byteorder",
 "bytes",
 "crossbeam-channel",
 "flate2",
]

[[package]]
name = "noodles-core"
version = "0.15.0"
source = "registry+https://github.com/rust-lang/crates.io-index"
checksum = "c5a8c6b020d1205abef2b0fab4463a6c5ecc3c8f4d561ca8b0d1a42323376200"
dependencies = [
 "bstr",
]

[[package]]
name = "noodles-fasta"
version = "0.46.0"
source = "registry+https://github.com/rust-lang/crates.io-index"
checksum = "16862f9e1bf1ad825a1fab6fc29da9e950dd477cfcd0cb1a2b14fa8ee1a72575"
dependencies = [
 "bstr",
 "bytes",
 "memchr",
 "noodles-bgzf",
 "noodles-core",
]

[[package]]
name = "num-complex"
version = "0.4.6"
source = "registry+https://github.com/rust-lang/crates.io-index"
checksum = "73f88a1307638156682bada9d7604135552957b7818057dcef22705b4d509495"
dependencies = [
 "num-traits",
]

[[package]]
name = "num-integer"
version = "0.1.46"
source = "registry+https://github.com/rust-lang/crates.io-index"
checksum = "7969661fd2958a5cb096e56c8e1ad0444ac2bbcd0061bd28660485a44879858f"
dependencies = [
 "num-traits",
]

[[package]]
name = "num-traits"
version = "0.2.19"
source = "registry+https://github.com/rust-lang/crates.io-index"
checksum = "071dfc062690e90b734c0b2273ce72ad0ffa95f0c74596bc250dcfd960262841"
dependencies = [
 "autocfg",
]

[[package]]
name = "once_cell"
version = "1.21.4"
source = "registry+https://github.com/rust-lang/crates.io-index"
checksum = "9f7c3e4beb33f85d45ae3e3a1792185706c8e16d043238c593331cc7cd313b50"

[[package]]
name = "organelleverse_rust"
version = "0.0.1"
dependencies = [
 "mafft",
 "pyo3",
 "rayon",
]

[[package]]
name = "portable-atomic"
version = "1.13.1"
source = "registry+https://github.com/rust-lang/crates.io-index"
checksum = "c33a9471896f1c69cecef8d20cbe2f7accd12527ce60845ff44c153bb2a21b49"

[[package]]
name = "primal-check"
version = "0.3.4"
source = "registry+https://github.com/rust-lang/crates.io-index"
checksum = "dc0d895b311e3af9902528fbb8f928688abbd95872819320517cc24ca6b2bd08"
dependencies = [
 "num-integer",
]

[[package]]
name = "proc-macro2"
version = "1.0.106"
source = "registry+https://github.com/rust-lang/crates.io-index"
checksum = "8fd00f0bb2e90d81d1044c2b32617f68fcb9fa3bb7640c23e9c748e53fb30934"
dependencies = [
 "unicode-ident",
]

[[package]]
name = "pyo3"
version = "0.22.6"
source = "registry+https://github.com/rust-lang/crates.io-index"
checksum = "f402062616ab18202ae8319da13fa4279883a2b8a9d9f83f20dbade813ce1884"
dependencies = [
 "cfg-if",
 "indoc",
 "libc",
 "memoffset",
 "once_cell",
 "portable-atomic",
 "pyo3-build-config",
 "pyo3-ffi",
 "pyo3-macros",
 "unindent",
]

[[package]]
name = "pyo3-build-config"
version = "0.22.6"
source = "registry+https://github.com/rust-lang/crates.io-index"
checksum = "b14b5775b5ff446dd1056212d778012cbe8a0fbffd368029fd9e25b514479c38"
dependencies = [
 "once_cell",
 "target-lexicon",
]

[[package]]
name = "pyo3-ffi"
version = "0.22.6"
source = "registry+https://github.com/rust-lang/crates.io-index"
checksum = "9ab5bcf04a2cdcbb50c7d6105de943f543f9ed92af55818fd17b660390fc8636"
dependencies = [
 "libc",
 "pyo3-build-config",
]

[[package]]
name = "pyo3-macros"
version = "0.22.6"
source = "registry+https://github.com/rust-lang/crates.io-index"
checksum = "0fd24d897903a9e6d80b968368a34e1525aeb719d568dba8b3d4bfa5dc67d453"
dependencies = [
 "proc-macro2",
 "pyo3-macros-backend",
 "quote",
 "syn 2.0.118",
]

[[package]]
name = "pyo3-macros-backend"
version = "0.22.6"
source = "registry+https://github.com/rust-lang/crates.io-index"
checksum = "36c011a03ba1e50152b4b394b479826cad97e7a21eb52df179cd91ac411cbfbe"
dependencies = [
 "heck",
 "proc-macro2",
 "pyo3-build-config",
 "quote",
 "syn 2.0.118",
]

[[package]]
name = "quote"
version = "1.0.46"
source = "registry+https://github.com/rust-lang/crates.io-index"
checksum = "dfbc457d0c7a0759a614551b11a6409e5951f6c7537be1f1b7682b9ae9230368"
dependencies = [
 "proc-macro2",
]

[[package]]
name = "rayon"
version = "1.12.0"
source = "registry+https://github.com/rust-lang/crates.io-index"
checksum = "fb39b166781f92d482534ef4b4b1b2568f42613b53e5b6c160e24cfbfa30926d"
dependencies = [
 "either",
 "rayon-core",
]

[[package]]
name = "rayon-core"
version = "1.13.0"
source = "registry+https://github.com/rust-lang/crates.io-index"
checksum = "22e18b0f0062d30d4230b2e85ff77fdfe4326feb054b9783a3460d8435c8ab91"
dependencies = [
 "crossbeam-deque",
 "crossbeam-utils",
]

[[package]]
name = "rustfft"
version = "6.4.1"
source = "registry+https://github.com/rust-lang/crates.io-index"
checksum = "21db5f9893e91f41798c88680037dba611ca6674703c1a18601b01a72c8adb89"
dependencies = [
 "num-complex",
 "num-integer",
 "num-traits",
 "primal-check",
 "strength_reduce",
 "transpose",
]

[[package]]
name = "rustversion"
version = "1.0.22"
source = "registry+https://github.com/rust-lang/crates.io-index"
checksum = "b39cdef0fa800fc44525c84ccb54a029961a8215f9619753635a9c0d2538d46d"

[[package]]
name = "serde_core"
version = "1.0.229"
source = "registry+https://github.com/rust-lang/crates.io-index"
checksum = "67dca2c9c51e58a4791a4b1ed58308b39c64224d349a935ab5039aa360942a48"
dependencies = [
 "serde_derive",
]

[[package]]
name = "serde_derive"
version = "1.0.229"
source = "registry+https://github.com/rust-lang/crates.io-index"
checksum = "e7a5d71263a5a7d47b41f6b3f06ba276f10cc18b0931f1799f710578e2309348"
dependencies = [
 "proc-macro2",
 "quote",
 "syn 3.0.3",
]

[[package]]
name = "simd-adler32"
version = "0.3.10"
source = "registry+https://github.com/rust-lang/crates.io-index"
checksum = "3a219298ac11a56ea9a6d2120044824d6f01aeb034955e7af7bc16858527deea"

[[package]]
name = "strength_reduce"
version = "0.2.4"
source = "registry+https://github.com/rust-lang/crates.io-index"
checksum = "fe895eb47f22e2ddd4dabc02bce419d2e643c8e3b585c78158b349195bc24d82"

[[package]]
name = "syn"
version = "2.0.118"
source = "registry+https://github.com/rust-lang/crates.io-index"
checksum = "1b9ae57f904213ebb649ce6895b8a66c66f0203b9319718f69a5612a065b1422"
dependencies = [
 "proc-macro2",
 "quote",
 "unicode-ident",
]

[[package]]
name = "syn"
version = "3.0.3"
source = "registry+https://github.com/rust-lang/crates.io-index"
checksum = "53e9bae58849f64dfa4f5d5ae372c8341f7305f82a3868709269343628b659a3"
dependencies = [
 "proc-macro2",
 "quote",
 "unicode-ident",
]

[[package]]
name = "target-lexicon"
version = "0.12.16"
source = "registry+https://github.com/rust-lang/crates.io-index"
checksum = "61c41af27dd6d1e27b1b16b489db798443478cef1f06a660c96db617ba5de3b1"

[[package]]
name = "thiserror"
version = "2.0.19"
source = "registry+https://github.com/rust-lang/crates.io-index"
checksum = "09a43598840e33d5b0331f38c5e30d13bb11c11210a4b58f0d9b18a5a5eefcd9"
dependencies = [
 "thiserror-impl",
]

[[package]]
name = "thiserror-impl"
version = "2.0.19"
source = "registry+https://github.com/rust-lang/crates.io-index"
checksum = "43cbfe0cf76104d42a574802844187e84a305e531ed54455f11fbde0f10541cd"
dependencies = [
 "proc-macro2",
 "quote",
 "syn 3.0.3",
]

[[package]]
name = "transpose"
version = "0.2.3"
source = "registry+https://github.com/rust-lang/crates.io-index"
checksum = "1ad61aed86bc3faea4300c7aee358b4c6d0c8d6ccc36524c96e4c92ccf26e77e"
dependencies = [
 "num-integer",
 "strength_reduce",
]

[[package]]
name = "unicode-ident"
version = "1.0.24"
source = "registry+https://github.com/rust-lang/crates.io-index"
checksum = "e6e4313cd5fcd3dad5cafa179702e2b244f760991f45397d14d4ebf38247da75"

[[package]]
name = "unindent"
version = "0.2.4"
source = "registry+https://github.com/rust-lang/crates.io-index"
checksum = "7264e107f553ccae879d21fbea1d6724ac785e8c3bfc762137959b5802826ef3"
